{
  "name": "OutOfLens-IOT",
  "version": "1.0.0",
  "lockfileVersion": 1,
  "requires": true,
  "dependencies": {
    "@types/node": {
      "version": "14.10.1",
      "resolved": "https://registry.npmjs.org/@types/node/-/node-14.10.1.tgz",
      "integrity": "sha512-aYNbO+FZ/3KGeQCEkNhHFRIzBOUgc7QvcVNKXbfnhDkSfwUv91JsQQa10rDgKSTSLkXZ1UIyPe4FJJNVgw1xWQ=="
    },
    "@types/serialport": {
      "version": "8.0.1",
      "resolved": "https://registry.npmjs.org/@types/serialport/-/serialport-8.0.1.tgz",
      "integrity": "sha512-IcKHq6b/ynKSF/x4al/Ce8+a0hpbYIEaIcK9Z3l4koLvQqAPSODZ37/hgemQx8dTu7fPZDMHN4bKmu89B3UaGA==",
      "requires": {
        "@types/node": "*"
      }
    }
  }
}
